
Microsoft Visual Studio Solution File, Format Version 12.00
# Visual Studio Version 17
VisualStudioVersion = 17.0.31903.59
MinimumVisualStudioVersion = 10.0.40219.1
Project("{FAE04EC0-301F-11D3-BF4B-00C04F79EFBC}") = "Bounce", "Bounce\Bounce.csproj", "{FE1A3655-CF54-4896-B76F-7F22FC31BE08}"
EndProject
Global
	GlobalSection(SolutionConfigurationPlatforms) = preSolution
		Debug|Any CPU = Debug|Any CPU
		Release|Any CPU = Release|Any CPU
	EndGlobalSection
	GlobalSection(ProjectConfigurationPlatforms) = postSolution
		{FE1A3655-CF54-4896-B76F-7F22FC31BE08}.Debug|Any CPU.ActiveCfg = Debug|Any CPU
		{FE1A3655-CF54-4896-B76F-7F22FC31BE08}.Debug|Any CPU.Build.0 = Debug|Any CPU
		{FE1A3655-CF54-4896-B76F-7F22FC31BE08}.Release|Any CPU.ActiveCfg = Release|Any CPU
		{FE1A3655-CF54-4896-B76F-7F22FC31BE08}.Release|Any CPU.Build.0 = Release|Any CPU
	EndGlobalSection
	GlobalSection(SolutionProperties) = preSolution
		HideSolutionNode = FALSE
	EndGlobalSection
	GlobalSection(ExtensibilityGlobals) = postSolution
		SolutionGuid = {74462BA7-C474-4FFA-926D-173B59683133}
	EndGlobalSection
EndGlobal
